
Microsoft Visual Studio Solution File, Format Version 12.00
# Visual Studio 15
VisualStudioVersion = 15.0.27428.2043
MinimumVisualStudioVersion = 10.0.40219.1
Project("{FAE04EC0-301F-11D3-BF4B-00C04F79EFBC}") = "SudokuMobileApp.Android", "SudokuMobileApp\SudokuMobileApp.Android\SudokuMobileApp.Android.csproj", "{925CA0BC-F449-4E1F-82C2-1AF993FFBBB3}"
EndProject
Project("{D954291E-2A0B-460D-934E-DC6B0785DB48}") = "SudokuMobileApp", "SudokuMobileApp\SudokuMobileApp\SudokuMobileApp.shproj", "{113F8050-C3F6-4FC5-B285-CA3B2782ADE7}"
EndProject
Project("{2150E333-8FDC-42A3-9474-1A3956D46DE8}") = "Model", "Model", "{D5592128-22CA-4553-BFB4-E118D0AF5210}"
	ProjectSection(SolutionItems) = preProject
		..\..\..\Desktop\Sudoku mobile- prototypes.jpg = ..\..\..\Desktop\Sudoku mobile- prototypes.jpg
	EndProjectSection
EndProject
Project("{9A19103F-16F7-4668-BE54-9A1E7A4F7556}") = "SudokoMobileApp.Specs", "SudokoMobileApp.Specs\SudokoMobileApp.Specs.csproj", "{618D9AF3-3095-4B4A-9622-D0152B331A89}"
EndProject
Project("{FAE04EC0-301F-11D3-BF4B-00C04F79EFBC}") = "SudokuMobileApp.AutomationTests", "SudokuMobileApp.AutomationTests\SudokuMobileApp.AutomationTests.csproj", "{923C0118-D4F8-4AC8-AA65-B4E4C1BDF975}"
EndProject
Global
	GlobalSection(SharedMSBuildProjectFiles) = preSolution
		SudokuMobileApp\SudokuMobileApp\SudokuMobileApp.projitems*{113f8050-c3f6-4fc5-b285-ca3b2782ade7}*SharedItemsImports = 13
		SudokuMobileApp\SudokuMobileApp\SudokuMobileApp.projitems*{925ca0bc-f449-4e1f-82c2-1af993ffbbb3}*SharedItemsImports = 4
	EndGlobalSection
	GlobalSection(SolutionConfigurationPlatforms) = preSolution
		Debug|Any CPU = Debug|Any CPU
		Release|Any CPU = Release|Any CPU
	EndGlobalSection
	GlobalSection(ProjectConfigurationPlatforms) = postSolution
		{925CA0BC-F449-4E1F-82C2-1AF993FFBBB3}.Debug|Any CPU.ActiveCfg = Debug|Any CPU
		{925CA0BC-F449-4E1F-82C2-1AF993FFBBB3}.Debug|Any CPU.Build.0 = Debug|Any CPU
		{925CA0BC-F449-4E1F-82C2-1AF993FFBBB3}.Debug|Any CPU.Deploy.0 = Debug|Any CPU
		{925CA0BC-F449-4E1F-82C2-1AF993FFBBB3}.Release|Any CPU.ActiveCfg = Release|Any CPU
		{925CA0BC-F449-4E1F-82C2-1AF993FFBBB3}.Release|Any CPU.Build.0 = Release|Any CPU
		{925CA0BC-F449-4E1F-82C2-1AF993FFBBB3}.Release|Any CPU.Deploy.0 = Release|Any CPU
		{618D9AF3-3095-4B4A-9622-D0152B331A89}.Debug|Any CPU.ActiveCfg = Debug|Any CPU
		{618D9AF3-3095-4B4A-9622-D0152B331A89}.Debug|Any CPU.Build.0 = Debug|Any CPU
		{618D9AF3-3095-4B4A-9622-D0152B331A89}.Release|Any CPU.ActiveCfg = Release|Any CPU
		{618D9AF3-3095-4B4A-9622-D0152B331A89}.Release|Any CPU.Build.0 = Release|Any CPU
		{923C0118-D4F8-4AC8-AA65-B4E4C1BDF975}.Debug|Any CPU.ActiveCfg = Debug|Any CPU
		{923C0118-D4F8-4AC8-AA65-B4E4C1BDF975}.Debug|Any CPU.Build.0 = Debug|Any CPU
		{923C0118-D4F8-4AC8-AA65-B4E4C1BDF975}.Release|Any CPU.ActiveCfg = Release|Any CPU
		{923C0118-D4F8-4AC8-AA65-B4E4C1BDF975}.Release|Any CPU.Build.0 = Release|Any CPU
	EndGlobalSection
	GlobalSection(SolutionProperties) = preSolution
		HideSolutionNode = FALSE
	EndGlobalSection
	GlobalSection(ExtensibilityGlobals) = postSolution
		SolutionGuid = {956EB588-C19E-4883-A07C-351EEF7B5E19}
	EndGlobalSection
EndGlobal
